// !$*UTF8*$!
{
	archiveVersion = 1;
	classes = {
	};
	objectVersion = 46;
	objects = {

/* Begin PBXBuildFile section */
		873822DC15B26F02006C9EE1 /* album_big.png in Resources */ = {isa = PBXBuildFile; fileRef = 873822DB15B26F02006C9EE1 /* album_big.png */; };
		875C9F5315B2DF0A0034C57A /* bar.png in Resources */ = {isa = PBXBuildFile; fileRef = 875C9F5215B2DF0A0034C57A /* bar.png */; };
		875C9F5515B2DF750034C57A /* albums.png in Resources */ = {isa = PBXBuildFile; fileRef = 875C9F5415B2DF750034C57A /* albums.png */; };
		8791FCB415B7AF1000CC1095 /* libSDWebImageARC.a in Frameworks */ = {isa = PBXBuildFile; fileRef = 8791FCAE15B7AEC500CC1095 /* libSDWebImageARC.a */; };
		8791FCB615B7AF2500CC1095 /* ImageIO.framework in Frameworks */ = {isa = PBXBuildFile; fileRef = 8791FCB515B7AF2500CC1095 /* ImageIO.framework */; };
		87B7772215B292B2007C9596 /* Icon.png in Resources */ = {isa = PBXBuildFile; fileRef = 87B7772115B292B2007C9596 /* Icon.png */; };
		87ED8E2315B15F9F00D2C800 /* UIKit.framework in Frameworks */ = {isa = PBXBuildFile; fileRef = 87ED8E2215B15F9F00D2C800 /* UIKit.framework */; };
		87ED8E2515B15F9F00D2C800 /* Foundation.framework in Frameworks */ = {isa = PBXBuildFile; fileRef = 87ED8E2415B15F9F00D2C800 /* Foundation.framework */; };
		87ED8E2715B15F9F00D2C800 /* CoreGraphics.framework in Frameworks */ = {isa = PBXBuildFile; fileRef = 87ED8E2615B15F9F00D2C800 /* CoreGraphics.framework */; };
		87ED8E2915B15F9F00D2C800 /* CoreData.framework in Frameworks */ = {isa = PBXBuildFile; fileRef = 87ED8E2815B15F9F00D2C800 /* CoreData.framework */; };
		87ED8E2F15B15F9F00D2C800 /* InfoPlist.strings in Resources */ = {isa = PBXBuildFile; fileRef = 87ED8E2D15B15F9F00D2C800 /* InfoPlist.strings */; };
		87ED8E3115B15F9F00D2C800 /* main.m in Sources */ = {isa = PBXBuildFile; fileRef = 87ED8E3015B15F9F00D2C800 /* main.m */; };
		87ED8E3515B15F9F00D2C800 /* YYAppDelegate.m in Sources */ = {isa = PBXBuildFile; fileRef = 87ED8E3415B15F9F00D2C800 /* YYAppDelegate.m */; };
		87ED8E3815B15F9F00D2C800 /* MainStoryboard.storyboard in Resources */ = {isa = PBXBuildFile; fileRef = 87ED8E3615B15F9F00D2C800 /* MainStoryboard.storyboard */; };
		87ED8E3B15B15F9F00D2C800 /* YY.xcdatamodeld in Sources */ = {isa = PBXBuildFile; fileRef = 87ED8E3915B15F9F00D2C800 /* YY.xcdatamodeld */; };
		87ED8E3E15B15F9F00D2C800 /* AlbumsListViewController.m in Sources */ = {isa = PBXBuildFile; fileRef = 87ED8E3D15B15F9F00D2C800 /* AlbumsListViewController.m */; };
		87ED8E4115B15F9F00D2C800 /* AlbumDetailViewController.m in Sources */ = {isa = PBXBuildFile; fileRef = 87ED8E4015B15F9F00D2C800 /* AlbumDetailViewController.m */; };
		87ED8E5115B167C100D2C800 /* Album.m in Sources */ = {isa = PBXBuildFile; fileRef = 87ED8E5015B167C100D2C800 /* Album.m */; };
		87ED8E5415B1680500D2C800 /* Artist.m in Sources */ = {isa = PBXBuildFile; fileRef = 87ED8E5315B1680500D2C800 /* Artist.m */; };
		87ED8E5A15B169E800D2C800 /* UIImageToDataTransformer.m in Sources */ = {isa = PBXBuildFile; fileRef = 87ED8E5915B169E800D2C800 /* UIImageToDataTransformer.m */; };
		87ED8E8D15B1B3B500D2C800 /* album1.jpg in Resources */ = {isa = PBXBuildFile; fileRef = 87ED8E8C15B1B3B500D2C800 /* album1.jpg */; };
		87FDC05B15B271FC0075FBD0 /* AlbumWebResouceViewController.m in Sources */ = {isa = PBXBuildFile; fileRef = 87FDC05A15B271FC0075FBD0 /* AlbumWebResouceViewController.m */; };
/* End PBXBuildFile section */

/* Begin PBXContainerItemProxy section */
		8791FCAB15B7AEC500CC1095 /* PBXContainerItemProxy */ = {
			isa = PBXContainerItemProxy;
			containerPortal = 8791FCA215B7AEC500CC1095 /* SDWebImage.xcodeproj */;
			proxyType = 2;
			remoteGlobalIDString = 53922D6F148C55820056699D;
			remoteInfo = SDWebImage;
		};
		8791FCAD15B7AEC500CC1095 /* PBXContainerItemProxy */ = {
			isa = PBXContainerItemProxy;
			containerPortal = 8791FCA215B7AEC500CC1095 /* SDWebImage.xcodeproj */;
			proxyType = 2;
			remoteGlobalIDString = 53761325155AD0D5005750A4;
			remoteInfo = "SDWebImage ARC";
		};
		8791FCAF15B7AEC500CC1095 /* PBXContainerItemProxy */ = {
			isa = PBXContainerItemProxy;
			containerPortal = 8791FCA215B7AEC500CC1095 /* SDWebImage.xcodeproj */;
			proxyType = 2;
			remoteGlobalIDString = 531041E0157EAFA400BBABC3;
			remoteInfo = "SDWebImage ARC+MKAnnotation";
		};
		8791FCB215B7AEF500CC1095 /* PBXContainerItemProxy */ = {
			isa = PBXContainerItemProxy;
			containerPortal = 8791FCA215B7AEC500CC1095 /* SDWebImage.xcodeproj */;
			proxyType = 1;
			remoteGlobalIDString = 53761307155AD0D5005750A4;
			remoteInfo = "SDWebImage ARC";
		};
/* End PBXContainerItemProxy section */

/* Begin PBXFileReference section */
		873822DB15B26F02006C9EE1 /* album_big.png */ = {isa = PBXFileReference; lastKnownFileType = image.png; path = album_big.png; sourceTree = "<group>"; };
		875C9F5215B2DF0A0034C57A /* bar.png */ = {isa = PBXFileReference; lastKnownFileType = image.png; path = bar.png; sourceTree = "<group>"; };
		875C9F5415B2DF750034C57A /* albums.png */ = {isa = PBXFileReference; lastKnownFileType = image.png; path = albums.png; sourceTree = "<group>"; };
		8791FCA215B7AEC500CC1095 /* SDWebImage.xcodeproj */ = {isa = PBXFileReference; lastKnownFileType = "wrapper.pb-project"; name = SDWebImage.xcodeproj; path = libs/SDWebImage/SDWebImage.xcodeproj; sourceTree = "<group>"; };
		8791FCB515B7AF2500CC1095 /* ImageIO.framework */ = {isa = PBXFileReference; lastKnownFileType = wrapper.framework; name = ImageIO.framework; path = System/Library/Frameworks/ImageIO.framework; sourceTree = SDKROOT; };
		87B7772115B292B2007C9596 /* Icon.png */ = {isa = PBXFileReference; lastKnownFileType = image.png; path = Icon.png; sourceTree = "<group>"; };
		87ED8E1E15B15F9F00D2C800 /* YY.app */ = {isa = PBXFileReference; explicitFileType = wrapper.application; includeInIndex = 0; path = YY.app; sourceTree = BUILT_PRODUCTS_DIR; };
		87ED8E2215B15F9F00D2C800 /* UIKit.framework */ = {isa = PBXFileReference; lastKnownFileType = wrapper.framework; name = UIKit.framework; path = System/Library/Frameworks/UIKit.framework; sourceTree = SDKROOT; };
		87ED8E2415B15F9F00D2C800 /* Foundation.framework */ = {isa = PBXFileReference; lastKnownFileType = wrapper.framework; name = Foundation.framework; path = System/Library/Frameworks/Foundation.framework; sourceTree = SDKROOT; };
		87ED8E2615B15F9F00D2C800 /* CoreGraphics.framework */ = {isa = PBXFileReference; lastKnownFileType = wrapper.framework; name = CoreGraphics.framework; path = System/Library/Frameworks/CoreGraphics.framework; sourceTree = SDKROOT; };
		87ED8E2815B15F9F00D2C800 /* CoreData.framework */ = {isa = PBXFileReference; lastKnownFileType = wrapper.framework; name = CoreData.framework; path = System/Library/Frameworks/CoreData.framework; sourceTree = SDKROOT; };
		87ED8E2C15B15F9F00D2C800 /* YY-Info.plist */ = {isa = PBXFileReference; lastKnownFileType = text.plist.xml; path = "YY-Info.plist"; sourceTree = "<group>"; };
		87ED8E2E15B15F9F00D2C800 /* en */ = {isa = PBXFileReference; lastKnownFileType = text.plist.strings; name = en; path = en.lproj/InfoPlist.strings; sourceTree = "<group>"; };
		87ED8E3015B15F9F00D2C800 /* main.m */ = {isa = PBXFileReference; lastKnownFileType = sourcecode.c.objc; path = main.m; sourceTree = "<group>"; };
		87ED8E3215B15F9F00D2C800 /* YY-Prefix.pch */ = {isa = PBXFileReference; lastKnownFileType = sourcecode.c.h; path = "YY-Prefix.pch"; sourceTree = "<group>"; };
		87ED8E3315B15F9F00D2C800 /* YYAppDelegate.h */ = {isa = PBXFileReference; lastKnownFileType = sourcecode.c.h; name = YYAppDelegate.h; path = YY/YYAppDelegate.h; sourceTree = "<group>"; };
		87ED8E3415B15F9F00D2C800 /* YYAppDelegate.m */ = {isa = PBXFileReference; lastKnownFileType = sourcecode.c.objc; name = YYAppDelegate.m; path = YY/YYAppDelegate.m; sourceTree = "<group>"; };
		87ED8E3715B15F9F00D2C800 /* en */ = {isa = PBXFileReference; lastKnownFileType = file.storyboard; name = en; path = en.lproj/MainStoryboard.storyboard; sourceTree = "<group>"; };
		87ED8E3A15B15F9F00D2C800 /* YY.xcdatamodel */ = {isa = PBXFileReference; lastKnownFileType = wrapper.xcdatamodel; path = YY.xcdatamodel; sourceTree = "<group>"; };
		87ED8E3C15B15F9F00D2C800 /* AlbumsListViewController.h */ = {isa = PBXFileReference; lastKnownFileType = sourcecode.c.h; name = AlbumsListViewController.h; path = YY/AlbumsListViewController.h; sourceTree = "<group>"; };
		87ED8E3D15B15F9F00D2C800 /* AlbumsListViewController.m */ = {isa = PBXFileReference; lastKnownFileType = sourcecode.c.objc; name = AlbumsListViewController.m; path = YY/AlbumsListViewController.m; sourceTree = "<group>"; };
		87ED8E3F15B15F9F00D2C800 /* AlbumDetailViewController.h */ = {isa = PBXFileReference; lastKnownFileType = sourcecode.c.h; name = AlbumDetailViewController.h; path = YY/AlbumDetailViewController.h; sourceTree = "<group>"; };
		87ED8E4015B15F9F00D2C800 /* AlbumDetailViewController.m */ = {isa = PBXFileReference; lastKnownFileType = sourcecode.c.objc; name = AlbumDetailViewController.m; path = YY/AlbumDetailViewController.m; sourceTree = "<group>"; };
		87ED8E4F15B167C100D2C800 /* Album.h */ = {isa = PBXFileReference; fileEncoding = 4; lastKnownFileType = sourcecode.c.h; name = Album.h; path = YY/Album.h; sourceTree = "<group>"; };
		87ED8E5015B167C100D2C800 /* Album.m */ = {isa = PBXFileReference; fileEncoding = 4; lastKnownFileType = sourcecode.c.objc; name = Album.m; path = YY/Album.m; sourceTree = "<group>"; };
		87ED8E5215B1680500D2C800 /* Artist.h */ = {isa = PBXFileReference; fileEncoding = 4; lastKnownFileType = sourcecode.c.h; name = Artist.h; path = YY/Artist.h; sourceTree = "<group>"; };
		87ED8E5315B1680500D2C800 /* Artist.m */ = {isa = PBXFileReference; fileEncoding = 4; lastKnownFileType = sourcecode.c.objc; name = Artist.m; path = YY/Artist.m; sourceTree = "<group>"; };
		87ED8E5815B169E800D2C800 /* UIImageToDataTransformer.h */ = {isa = PBXFileReference; fileEncoding = 4; lastKnownFileType = sourcecode.c.h; name = UIImageToDataTransformer.h; path = YY/UIImageToDataTransformer.h; sourceTree = "<group>"; };
		87ED8E5915B169E800D2C800 /* UIImageToDataTransformer.m */ = {isa = PBXFileReference; fileEncoding = 4; lastKnownFileType = sourcecode.c.objc; name = UIImageToDataTransformer.m; path = YY/UIImageToDataTransformer.m; sourceTree = "<group>"; };
		87ED8E8C15B1B3B500D2C800 /* album1.jpg */ = {isa = PBXFileReference; lastKnownFileType = image.jpeg; name = album1.jpg; path = YY/album1.jpg; sourceTree = "<group>"; };
		87FDC05915B271FC0075FBD0 /* AlbumWebResouceViewController.h */ = {isa = PBXFileReference; fileEncoding = 4; lastKnownFileType = sourcecode.c.h; name = AlbumWebResouceViewController.h; path = YY/AlbumWebResouceViewController.h; sourceTree = "<group>"; };
		87FDC05A15B271FC0075FBD0 /* AlbumWebResouceViewController.m */ = {isa = PBXFileReference; fileEncoding = 4; lastKnownFileType = sourcecode.c.objc; name = AlbumWebResouceViewController.m; path = YY/AlbumWebResouceViewController.m; sourceTree = "<group>"; };
/* End PBXFileReference section */

/* Begin PBXFrameworksBuildPhase section */
		87ED8E1B15B15F9F00D2C800 /* Frameworks */ = {
			isa = PBXFrameworksBuildPhase;
			buildActionMask = 2147483647;
			files = (
				8791FCB615B7AF2500CC1095 /* ImageIO.framework in Frameworks */,
				8791FCB415B7AF1000CC1095 /* libSDWebImageARC.a in Frameworks */,
				87ED8E2315B15F9F00D2C800 /* UIKit.framework in Frameworks */,
				87ED8E2515B15F9F00D2C800 /* Foundation.framework in Frameworks */,
				87ED8E2715B15F9F00D2C800 /* CoreGraphics.framework in Frameworks */,
				87ED8E2915B15F9F00D2C800 /* CoreData.framework in Frameworks */,
			);
			runOnlyForDeploymentPostprocessing = 0;
		};
/* End PBXFrameworksBuildPhase section */

/* Begin PBXGroup section */
		8791FCA315B7AEC500CC1095 /* Products */ = {
			isa = PBXGroup;
			children = (
				8791FCAC15B7AEC500CC1095 /* libSDWebImage.a */,
				8791FCAE15B7AEC500CC1095 /* libSDWebImageARC.a */,
				8791FCB015B7AEC500CC1095 /* libSDWebImageARC+MKAnnotation.a */,
			);
			name = Products;
			sourceTree = "<group>";
		};
		87ED8E1315B15F9F00D2C800 = {
			isa = PBXGroup;
			children = (
				8791FCB515B7AF2500CC1095 /* ImageIO.framework */,
				8791FCA215B7AEC500CC1095 /* SDWebImage.xcodeproj */,
				87ED8E8C15B1B3B500D2C800 /* album1.jpg */,
				873822DB15B26F02006C9EE1 /* album_big.png */,
				87ED8E5715B1687E00D2C800 /* View Controller */,
				87ED8E5615B1686300D2C800 /* Appliacation */,
				87ED8E5515B1680F00D2C800 /* Model */,
				87ED8E2A15B15F9F00D2C800 /* YY */,
				87ED8E2115B15F9F00D2C800 /* Frameworks */,
				87ED8E1F15B15F9F00D2C800 /* Products */,
			);
			sourceTree = "<group>";
		};
		87ED8E1F15B15F9F00D2C800 /* Products */ = {
			isa = PBXGroup;
			children = (
				87ED8E1E15B15F9F00D2C800 /* YY.app */,
			);
			name = Products;
			sourceTree = "<group>";
		};
		87ED8E2115B15F9F00D2C800 /* Frameworks */ = {
			isa = PBXGroup;
			children = (
				87ED8E2215B15F9F00D2C800 /* UIKit.framework */,
				87ED8E2415B15F9F00D2C800 /* Foundation.framework */,
				87ED8E2615B15F9F00D2C800 /* CoreGraphics.framework */,
				87ED8E2815B15F9F00D2C800 /* CoreData.framework */,
			);
			name = Frameworks;
			sourceTree = "<group>";
		};
		87ED8E2A15B15F9F00D2C800 /* YY */ = {
			isa = PBXGroup;
			children = (
				87ED8E3615B15F9F00D2C800 /* MainStoryboard.storyboard */,
				87ED8E2B15B15F9F00D2C800 /* Supporting Files */,
			);
			path = YY;
			sourceTree = "<group>";
		};
		87ED8E2B15B15F9F00D2C800 /* Supporting Files */ = {
			isa = PBXGroup;
			children = (
				875C9F5215B2DF0A0034C57A /* bar.png */,
				875C9F5415B2DF750034C57A /* albums.png */,
				87ED8E2C15B15F9F00D2C800 /* YY-Info.plist */,
				87ED8E2D15B15F9F00D2C800 /* InfoPlist.strings */,
				87B7772115B292B2007C9596 /* Icon.png */,
				87ED8E3015B15F9F00D2C800 /* main.m */,
				87ED8E3215B15F9F00D2C800 /* YY-Prefix.pch */,
			);
			name = "Supporting Files";
			sourceTree = "<group>";
		};
		87ED8E5515B1680F00D2C800 /* Model */ = {
			isa = PBXGroup;
			children = (
				87ED8E5215B1680500D2C800 /* Artist.h */,
				87ED8E5315B1680500D2C800 /* Artist.m */,
				87ED8E4F15B167C100D2C800 /* Album.h */,
				87ED8E5015B167C100D2C800 /* Album.m */,
				87ED8E5815B169E800D2C800 /* UIImageToDataTransformer.h */,
				87ED8E5915B169E800D2C800 /* UIImageToDataTransformer.m */,
				87ED8E3915B15F9F00D2C800 /* YY.xcdatamodeld */,
			);
			name = Model;
			sourceTree = "<group>";
		};
		87ED8E5615B1686300D2C800 /* Appliacation */ = {
			isa = PBXGroup;
			children = (
				87ED8E3315B15F9F00D2C800 /* YYAppDelegate.h */,
				87ED8E3415B15F9F00D2C800 /* YYAppDelegate.m */,
			);
			name = Appliacation;
			sourceTree = "<group>";
		};
		87ED8E5715B1687E00D2C800 /* View Controller */ = {
			isa = PBXGroup;
			children = (
				87ED8E3C15B15F9F00D2C800 /* AlbumsListViewController.h */,
				87ED8E3D15B15F9F00D2C800 /* AlbumsListViewController.m */,
				87ED8E3F15B15F9F00D2C800 /* AlbumDetailViewController.h */,
				87ED8E4015B15F9F00D2C800 /* AlbumDetailViewController.m */,
				87FDC05915B271FC0075FBD0 /* AlbumWebResouceViewController.h */,
				87FDC05A15B271FC0075FBD0 /* AlbumWebResouceViewController.m */,
			);
			name = "View Controller";
			sourceTree = "<group>";
		};
/* End PBXGroup section */

/* Begin PBXNativeTarget section */
		87ED8E1D15B15F9F00D2C800 /* YY */ = {
			isa = PBXNativeTarget;
			buildConfigurationList = 87ED8E4415B15F9F00D2C800 /* Build configuration list for PBXNativeTarget "YY" */;
			buildPhases = (
				87ED8E1A15B15F9F00D2C800 /* Sources */,
				87ED8E1B15B15F9F00D2C800 /* Frameworks */,
				87ED8E1C15B15F9F00D2C800 /* Resources */,
			);
			buildRules = (
			);
			dependencies = (
				8791FCB315B7AEF500CC1095 /* PBXTargetDependency */,
			);
			name = YY;
			productName = YY;
			productReference = 87ED8E1E15B15F9F00D2C800 /* YY.app */;
			productType = "com.apple.product-type.application";
		};
/* End PBXNativeTarget section */

/* Begin PBXProject section */
		87ED8E1515B15F9F00D2C800 /* Project object */ = {
			isa = PBXProject;
			attributes = {
				CLASSPREFIX = YY;
				LastUpgradeCheck = 0430;
				ORGANIZATIONNAME = Tencent;
			};
			buildConfigurationList = 87ED8E1815B15F9F00D2C800 /* Build configuration list for PBXProject "YY" */;
			compatibilityVersion = "Xcode 3.2";
			developmentRegion = English;
			hasScannedForEncodings = 0;
			knownRegions = (
				en,
			);
			mainGroup = 87ED8E1315B15F9F00D2C800;
			productRefGroup = 87ED8E1F15B15F9F00D2C800 /* Products */;
			projectDirPath = "";
			projectReferences = (
				{
					ProductGroup = 8791FCA315B7AEC500CC1095 /* Products */;
					ProjectRef = 8791FCA215B7AEC500CC1095 /* SDWebImage.xcodeproj */;
				},
			);
			projectRoot = "";
			targets = (
				87ED8E1D15B15F9F00D2C800 /* YY */,
			);
		};
/* End PBXProject section */

/* Begin PBXReferenceProxy section */
		8791FCAC15B7AEC500CC1095 /* libSDWebImage.a */ = {
			isa = PBXReferenceProxy;
			fileType = archive.ar;
			path = libSDWebImage.a;
			remoteRef = 8791FCAB15B7AEC500CC1095 /* PBXContainerItemProxy */;
			sourceTree = BUILT_PRODUCTS_DIR;
		};
		8791FCAE15B7AEC500CC1095 /* libSDWebImageARC.a */ = {
			isa = PBXReferenceProxy;
			fileType = archive.ar;
			path = libSDWebImageARC.a;
			remoteRef = 8791FCAD15B7AEC500CC1095 /* PBXContainerItemProxy */;
			sourceTree = BUILT_PRODUCTS_DIR;
		};
		8791FCB015B7AEC500CC1095 /* libSDWebImageARC+MKAnnotation.a */ = {
			isa = PBXReferenceProxy;
			fileType = archive.ar;
			path = "libSDWebImageARC+MKAnnotation.a";
			remoteRef = 8791FCAF15B7AEC500CC1095 /* PBXContainerItemProxy */;
			sourceTree = BUILT_PRODUCTS_DIR;
		};
/* End PBXReferenceProxy section */

/* Begin PBXResourcesBuildPhase section */
		87ED8E1C15B15F9F00D2C800 /* Resources */ = {
			isa = PBXResourcesBuildPhase;
			buildActionMask = 2147483647;
			files = (
				87ED8E2F15B15F9F00D2C800 /* InfoPlist.strings in Resources */,
				87ED8E3815B15F9F00D2C800 /* MainStoryboard.storyboard in Resources */,
				87ED8E8D15B1B3B500D2C800 /* album1.jpg in Resources */,
				873822DC15B26F02006C9EE1 /* album_big.png in Resources */,
				87B7772215B292B2007C9596 /* Icon.png in Resources */,
				875C9F5315B2DF0A0034C57A /* bar.png in Resources */,
				875C9F5515B2DF750034C57A /* albums.png in Resources */,
			);
			runOnlyForDeploymentPostprocessing = 0;
		};
/* End PBXResourcesBuildPhase section */

/* Begin PBXSourcesBuildPhase section */
		87ED8E1A15B15F9F00D2C800 /* Sources */ = {
			isa = PBXSourcesBuildPhase;
			buildActionMask = 2147483647;
			files = (
				87ED8E3115B15F9F00D2C800 /* main.m in Sources */,
				87ED8E3515B15F9F00D2C800 /* YYAppDelegate.m in Sources */,
				87ED8E3B15B15F9F00D2C800 /* YY.xcdatamodeld in Sources */,
				87ED8E3E15B15F9F00D2C800 /* AlbumsListViewController.m in Sources */,
				87ED8E4115B15F9F00D2C800 /* AlbumDetailViewController.m in Sources */,
				87ED8E5115B167C100D2C800 /* Album.m in Sources */,
				87ED8E5415B1680500D2C800 /* Artist.m in Sources */,
				87ED8E5A15B169E800D2C800 /* UIImageToDataTransformer.m in Sources */,
				87FDC05B15B271FC0075FBD0 /* AlbumWebResouceViewController.m in Sources */,
			);
			runOnlyForDeploymentPostprocessing = 0;
		};
/* End PBXSourcesBuildPhase section */

/* Begin PBXTargetDependency section */
		8791FCB315B7AEF500CC1095 /* PBXTargetDependency */ = {
			isa = PBXTargetDependency;
			name = "SDWebImage ARC";
			targetProxy = 8791FCB215B7AEF500CC1095 /* PBXContainerItemProxy */;
		};
/* End PBXTargetDependency section */

/* Begin PBXVariantGroup section */
		87ED8E2D15B15F9F00D2C800 /* InfoPlist.strings */ = {
			isa = PBXVariantGroup;
			children = (
				87ED8E2E15B15F9F00D2C800 /* en */,
			);
			name = InfoPlist.strings;
			sourceTree = "<group>";
		};
		87ED8E3615B15F9F00D2C800 /* MainStoryboard.storyboard */ = {
			isa = PBXVariantGroup;
			children = (
				87ED8E3715B15F9F00D2C800 /* en */,
			);
			name = MainStoryboard.storyboard;
			sourceTree = "<group>";
		};
/* End PBXVariantGroup section */

/* Begin XCBuildConfiguration section */
		87ED8E4215B15F9F00D2C800 /* Debug */ = {
			isa = XCBuildConfiguration;
			buildSettings = {
				ALWAYS_SEARCH_USER_PATHS = NO;
				ARCHS = "$(ARCHS_STANDARD_32_BIT)";
				CLANG_ENABLE_OBJC_ARC = YES;
				"CODE_SIGN_IDENTITY[sdk=iphoneos*]" = "iPhone Developer";
				COPY_PHASE_STRIP = NO;
				GCC_C_LANGUAGE_STANDARD = gnu99;
				GCC_DYNAMIC_NO_PIC = NO;
				GCC_OPTIMIZATION_LEVEL = 0;
				GCC_PREPROCESSOR_DEFINITIONS = (
					"DEBUG=1",
					"$(inherited)",
				);
				GCC_SYMBOLS_PRIVATE_EXTERN = NO;
				GCC_VERSION = com.apple.compilers.llvm.clang.1_0;
				GCC_WARN_ABOUT_RETURN_TYPE = YES;
				GCC_WARN_UNINITIALIZED_AUTOS = YES;
				GCC_WARN_UNUSED_VARIABLE = YES;
				IPHONEOS_DEPLOYMENT_TARGET = 5.1;
				SDKROOT = iphoneos;
			};
			name = Debug;
		};
		87ED8E4315B15F9F00D2C800 /* Release */ = {
			isa = XCBuildConfiguration;
			buildSettings = {
				ALWAYS_SEARCH_USER_PATHS = NO;
				ARCHS = "$(ARCHS_STANDARD_32_BIT)";
				CLANG_ENABLE_OBJC_ARC = YES;
				"CODE_SIGN_IDENTITY[sdk=iphoneos*]" = "iPhone Developer";
				COPY_PHASE_STRIP = YES;
				GCC_C_LANGUAGE_STANDARD = gnu99;
				GCC_VERSION = com.apple.compilers.llvm.clang.1_0;
				GCC_WARN_ABOUT_RETURN_TYPE = YES;
				GCC_WARN_UNINITIALIZED_AUTOS = YES;
				GCC_WARN_UNUSED_VARIABLE = YES;
				IPHONEOS_DEPLOYMENT_TARGET = 5.1;
				OTHER_CFLAGS = "-DNS_BLOCK_ASSERTIONS=1";
				SDKROOT = iphoneos;
				VALIDATE_PRODUCT = YES;
			};
			name = Release;
		};
		87ED8E4515B15F9F00D2C800 /* Debug */ = {
			isa = XCBuildConfiguration;
			buildSettings = {
				GCC_PRECOMPILE_PREFIX_HEADER = YES;
				GCC_PREFIX_HEADER = "YY/YY-Prefix.pch";
				INFOPLIST_FILE = "YY/YY-Info.plist";
				OTHER_LDFLAGS = "-ObjC";
				PRODUCT_NAME = "$(TARGET_NAME)";
				USER_HEADER_SEARCH_PATHS = "”$(TARGET_BUILD_DIR)/usr/local/lib/include” ”$(OBJROOT)/UninstalledProducts/include”";
				WRAPPER_EXTENSION = app;
			};
			name = Debug;
		};
		87ED8E4615B15F9F00D2C800 /* Release */ = {
			isa = XCBuildConfiguration;
			buildSettings = {
				GCC_PRECOMPILE_PREFIX_HEADER = YES;
				GCC_PREFIX_HEADER = "YY/YY-Prefix.pch";
				INFOPLIST_FILE = "YY/YY-Info.plist";
				OTHER_LDFLAGS = "-ObjC";
				PRODUCT_NAME = "$(TARGET_NAME)";
				USER_HEADER_SEARCH_PATHS = "”$(TARGET_BUILD_DIR)/usr/local/lib/include” ”$(OBJROOT)/UninstalledProducts/include”";
				WRAPPER_EXTENSION = app;
			};
			name = Release;
		};
/* End XCBuildConfiguration section */

/* Begin XCConfigurationList section */
		87ED8E1815B15F9F00D2C800 /* Build configuration list for PBXProject "YY" */ = {
			isa = XCConfigurationList;
			buildConfigurations = (
				87ED8E4215B15F9F00D2C800 /* Debug */,
				87ED8E4315B15F9F00D2C800 /* Release */,
			);
			defaultConfigurationIsVisible = 0;
			defaultConfigurationName = Release;
		};
		87ED8E4415B15F9F00D2C800 /* Build configuration list for PBXNativeTarget "YY" */ = {
			isa = XCConfigurationList;
			buildConfigurations = (
				87ED8E4515B15F9F00D2C800 /* Debug */,
				87ED8E4615B15F9F00D2C800 /* Release */,
			);
			defaultConfigurationIsVisible = 0;
			defaultConfigurationName = Release;
		};
/* End XCConfigurationList section */

/* Begin XCVersionGroup section */
		87ED8E3915B15F9F00D2C800 /* YY.xcdatamodeld */ = {
			isa = XCVersionGroup;
			children = (
				87ED8E3A15B15F9F00D2C800 /* YY.xcdatamodel */,
			);
			currentVersion = 87ED8E3A15B15F9F00D2C800 /* YY.xcdatamodel */;
			name = YY.xcdatamodeld;
			path = YY/YY.xcdatamodeld;
			sourceTree = "<group>";
			versionGroupType = wrapper.xcdatamodel;
		};
/* End XCVersionGroup section */
	};
	rootObject = 87ED8E1515B15F9F00D2C800 /* Project object */;
}
